
Microsoft Visual Studio Solution File, Format Version 12.00
# Visual Studio 15
VisualStudioVersion = 15.0.26124.0
MinimumVisualStudioVersion = 15.0.26124.0
Project("{FAE04EC0-301F-11D3-BF4B-00C04F79EFBC}") = "WebApp.Core", "WebApp.Core\WebApp.Core.csproj", "{B2728F53-05D6-4E54-8322-AD632703BFD0}"
EndProject
Project("{FAE04EC0-301F-11D3-BF4B-00C04F79EFBC}") = "WebApp.Razor", "WebApp.Razor\WebApp.Razor.csproj", "{1E09D5D2-40F4-4792-BCBC-AF8590C456D2}"
EndProject
Global
	GlobalSection(SolutionConfigurationPlatforms) = preSolution
		Debug|Any CPU = Debug|Any CPU
		Debug|x64 = Debug|x64
		Debug|x86 = Debug|x86
		Release|Any CPU = Release|Any CPU
		Release|x64 = Release|x64
		Release|x86 = Release|x86
	EndGlobalSection
	GlobalSection(SolutionProperties) = preSolution
		HideSolutionNode = FALSE
	EndGlobalSection
	GlobalSection(ProjectConfigurationPlatforms) = postSolution
		{B2728F53-05D6-4E54-8322-AD632703BFD0}.Debug|Any CPU.ActiveCfg = Debug|Any CPU
		{B2728F53-05D6-4E54-8322-AD632703BFD0}.Debug|Any CPU.Build.0 = Debug|Any CPU
		{B2728F53-05D6-4E54-8322-AD632703BFD0}.Debug|x64.ActiveCfg = Debug|Any CPU
		{B2728F53-05D6-4E54-8322-AD632703BFD0}.Debug|x64.Build.0 = Debug|Any CPU
		{B2728F53-05D6-4E54-8322-AD632703BFD0}.Debug|x86.ActiveCfg = Debug|Any CPU
		{B2728F53-05D6-4E54-8322-AD632703BFD0}.Debug|x86.Build.0 = Debug|Any CPU
		{B2728F53-05D6-4E54-8322-AD632703BFD0}.Release|Any CPU.ActiveCfg = Release|Any CPU
		{B2728F53-05D6-4E54-8322-AD632703BFD0}.Release|Any CPU.Build.0 = Release|Any CPU
		{B2728F53-05D6-4E54-8322-AD632703BFD0}.Release|x64.ActiveCfg = Release|Any CPU
		{B2728F53-05D6-4E54-8322-AD632703BFD0}.Release|x64.Build.0 = Release|Any CPU
		{B2728F53-05D6-4E54-8322-AD632703BFD0}.Release|x86.ActiveCfg = Release|Any CPU
		{B2728F53-05D6-4E54-8322-AD632703BFD0}.Release|x86.Build.0 = Release|Any CPU
		{1E09D5D2-40F4-4792-BCBC-AF8590C456D2}.Debug|Any CPU.ActiveCfg = Debug|Any CPU
		{1E09D5D2-40F4-4792-BCBC-AF8590C456D2}.Debug|Any CPU.Build.0 = Debug|Any CPU
		{1E09D5D2-40F4-4792-BCBC-AF8590C456D2}.Debug|x64.ActiveCfg = Debug|Any CPU
		{1E09D5D2-40F4-4792-BCBC-AF8590C456D2}.Debug|x64.Build.0 = Debug|Any CPU
		{1E09D5D2-40F4-4792-BCBC-AF8590C456D2}.Debug|x86.ActiveCfg = Debug|Any CPU
		{1E09D5D2-40F4-4792-BCBC-AF8590C456D2}.Debug|x86.Build.0 = Debug|Any CPU
		{1E09D5D2-40F4-4792-BCBC-AF8590C456D2}.Release|Any CPU.ActiveCfg = Release|Any CPU
		{1E09D5D2-40F4-4792-BCBC-AF8590C456D2}.Release|Any CPU.Build.0 = Release|Any CPU
		{1E09D5D2-40F4-4792-BCBC-AF8590C456D2}.Release|x64.ActiveCfg = Release|Any CPU
		{1E09D5D2-40F4-4792-BCBC-AF8590C456D2}.Release|x64.Build.0 = Release|Any CPU
		{1E09D5D2-40F4-4792-BCBC-AF8590C456D2}.Release|x86.ActiveCfg = Release|Any CPU
		{1E09D5D2-40F4-4792-BCBC-AF8590C456D2}.Release|x86.Build.0 = Release|Any CPU
	EndGlobalSection
EndGlobal
